hash: 38da3151e00ae5e445f1cb6f04b0adff6736f03f739061e40fa56029046efc5f
updated: 2016-09-12T23:47:38.489240511+12:00
imports:
- name: github.com/stojg/formation
  version: aad5820b288237bba62e24b3903e01bc0d950fa6
- name: github.com/stojg/goap
  version: 70daec3925219143d7b0ef23903542eaae46e0bc
- name: github.com/stojg/steering
  version: 26b59d8cce4adc2ac3d43ea514e001ea71b7beef
- name: github.com/stojg/vector
  version: 2feee5f7863003e70e37521642202e83fda9f396
- name: github.com/stojg/vivere
  version: 2dc00fb12f839d73c6672060d518f976b3a44a30
  subpackages:
  - lib/client
  - lib/components
- name: golang.org/x/net
  version: cfe3c2a7525b50c3d707256e371c90938cfef98a
  subpackages:
  - websocket
testImports: []
