hash: 07973318b32bfd4fb24d3b9ad1b5f219a5c5595516b04c43bb93dd55c0740773
updated: 2016-09-18T12:37:27.098134857+12:00
imports:
- name: github.com/stojg/formation
  version: aad5820b288237bba62e24b3903e01bc0d950fa6
- name: github.com/stojg/vivere
  version: 2dc00fb12f839d73c6672060d518f976b3a44a30
  subpackages:
  - lib/client
  - lib/components
- name: golang.org/x/net
  version: 71a035914f99bb58fe82eac0f1289f10963d876c
  subpackages:
  - websocket
testImports: []
