hash: 5904942dee2fc76d6c50a3da8e35925f74d802df6572bc592bddf876bfba95af
updated: 2016-09-07T17:06:36.139582817+12:00
imports:
- name: github.com/stojg/formation
  version: aad5820b288237bba62e24b3903e01bc0d950fa6
- name: github.com/stojg/steering
  version: 26b59d8cce4adc2ac3d43ea514e001ea71b7beef
- name: github.com/stojg/vector
  version: 2feee5f7863003e70e37521642202e83fda9f396
- name: github.com/stojg/vivere
  version: 2dc00fb12f839d73c6672060d518f976b3a44a30
  subpackages:
  - lib/client
  - lib/components
- name: github.com/volkerp/goquadtree
  version: eccf12729e3e0f9542a1109f6d7cc85de0eab771
  subpackages:
  - quadtree
- name: golang.org/x/net
  version: 1358eff22f0dd0c54fc521042cc607f6ff4b531a
  subpackages:
  - websocket
testImports: []
